// !$*UTF8*$!
{
	archiveVersion = 1;
	classes = {
	};
	objectVersion = 50;
	objects = {

/* Begin PBXBuildFile section */
		5080649322B502B500FE4756 /* CityStore.swift in Sources */ = {isa = PBXBuildFile; fileRef = 5080649222B502B500FE4756 /* CityStore.swift */; };
		A42101F622B2A49600A06E7E /* CityFinder.swift in Sources */ = {isa = PBXBuildFile; fileRef = A42101F522B2A49600A06E7E /* CityFinder.swift */; };
		A47F0D5422B12C2500A1D9C7 /* AppDelegate.swift in Sources */ = {isa = PBXBuildFile; fileRef = A47F0D5322B12C2500A1D9C7 /* AppDelegate.swift */; };
		A47F0D5622B12C2500A1D9C7 /* SceneDelegate.swift in Sources */ = {isa = PBXBuildFile; fileRef = A47F0D5522B12C2500A1D9C7 /* SceneDelegate.swift */; };
		A47F0D5822B12C2500A1D9C7 /* CityView.swift in Sources */ = {isa = PBXBuildFile; fileRef = A47F0D5722B12C2500A1D9C7 /* CityView.swift */; };
		A47F0D5A22B12C2700A1D9C7 /* Assets.xcassets in Resources */ = {isa = PBXBuildFile; fileRef = A47F0D5922B12C2700A1D9C7 /* Assets.xcassets */; };
		A47F0D5D22B12C2700A1D9C7 /* Preview Assets.xcassets in Resources */ = {isa = PBXBuildFile; fileRef = A47F0D5C22B12C2700A1D9C7 /* Preview Assets.xcassets */; };
		A47F0D6022B12C2700A1D9C7 /* LaunchScreen.storyboard in Resources */ = {isa = PBXBuildFile; fileRef = A47F0D5E22B12C2700A1D9C7 /* LaunchScreen.storyboard */; };
		A47F0D6822B12C6400A1D9C7 /* WeatherManager.swift in Sources */ = {isa = PBXBuildFile; fileRef = A47F0D6722B12C6400A1D9C7 /* WeatherManager.swift */; };
		A47F0D6A22B1340500A1D9C7 /* City.swift in Sources */ = {isa = PBXBuildFile; fileRef = A47F0D6922B1340500A1D9C7 /* City.swift */; };
		A47F0D6C22B1374A00A1D9C7 /* DailyWeather.swift in Sources */ = {isa = PBXBuildFile; fileRef = A47F0D6B22B1374A00A1D9C7 /* DailyWeather.swift */; };
		A47F0D6E22B1375400A1D9C7 /* HourlyWeather.swift in Sources */ = {isa = PBXBuildFile; fileRef = A47F0D6D22B1375400A1D9C7 /* HourlyWeather.swift */; };
		A47F0D7022B13D2500A1D9C7 /* Weather.swift in Sources */ = {isa = PBXBuildFile; fileRef = A47F0D6F22B13D2500A1D9C7 /* Weather.swift */; };
		A47F0D7222B141DB00A1D9C7 /* CityHeaderView.swift in Sources */ = {isa = PBXBuildFile; fileRef = A47F0D7122B141DB00A1D9C7 /* CityHeaderView.swift */; };
		A4C99DB822B22E6700D1802D /* CityHourlyView.swift in Sources */ = {isa = PBXBuildFile; fileRef = A4C99DB722B22E6700D1802D /* CityHourlyView.swift */; };
		A4C99DBB22B238D100D1802D /* DoubleExtension.swift in Sources */ = {isa = PBXBuildFile; fileRef = A4C99DBA22B238D100D1802D /* DoubleExtension.swift */; };
		A4C99DBD22B2395300D1802D /* DateExtension.swift in Sources */ = {isa = PBXBuildFile; fileRef = A4C99DBC22B2395300D1802D /* DateExtension.swift */; };
		A4C99DBF22B240B400D1802D /* CityDailyView.swift in Sources */ = {isa = PBXBuildFile; fileRef = A4C99DBE22B240B400D1802D /* CityDailyView.swift */; };
		A4C99DC422B2459000D1802D /* WeatherIcon.swift in Sources */ = {isa = PBXBuildFile; fileRef = A4C99DC322B2459000D1802D /* WeatherIcon.swift */; };
		A4C99DC922B24BBD00D1802D /* CityListView.swift in Sources */ = {isa = PBXBuildFile; fileRef = A4C99DC822B24BBD00D1802D /* CityListView.swift */; };
		A4C99DCB22B24CB200D1802D /* CityRow.swift in Sources */ = {isa = PBXBuildFile; fileRef = A4C99DCA22B24CB200D1802D /* CityRow.swift */; };
		A4C99DCE22B28F0B00D1802D /* NewCityView.swift in Sources */ = {isa = PBXBuildFile; fileRef = A4C99DCD22B28F0B00D1802D /* NewCityView.swift */; };
		A4E103A222B154C400163626 /* WeatherList.swift in Sources */ = {isa = PBXBuildFile; fileRef = A4E103A122B154C400163626 /* WeatherList.swift */; };
/* End PBXBuildFile section */

/* Begin PBXFileReference section */
		5036E7C322B7C97200297891 /* README.md */ = {isa = PBXFileReference; lastKnownFileType = net.daringfireball.markdown; path = README.md; sourceTree = "<group>"; };
		5080649222B502B500FE4756 /* CityStore.swift */ = {isa = PBXFileReference; lastKnownFileType = sourcecode.swift; path = CityStore.swift; sourceTree = "<group>"; };
		A42101F522B2A49600A06E7E /* CityFinder.swift */ = {isa = PBXFileReference; lastKnownFileType = sourcecode.swift; path = CityFinder.swift; sourceTree = "<group>"; };
		A47F0D5022B12C2500A1D9C7 /* Weather.app */ = {isa = PBXFileReference; explicitFileType = wrapper.application; includeInIndex = 0; path = Weather.app; sourceTree = BUILT_PRODUCTS_DIR; };
		A47F0D5322B12C2500A1D9C7 /* AppDelegate.swift */ = {isa = PBXFileReference; lastKnownFileType = sourcecode.swift; path = AppDelegate.swift; sourceTree = "<group>"; };
		A47F0D5522B12C2500A1D9C7 /* SceneDelegate.swift */ = {isa = PBXFileReference; lastKnownFileType = sourcecode.swift; path = SceneDelegate.swift; sourceTree = "<group>"; };
		A47F0D5722B12C2500A1D9C7 /* CityView.swift */ = {isa = PBXFileReference; lastKnownFileType = sourcecode.swift; path = CityView.swift; sourceTree = "<group>"; };
		A47F0D5922B12C2700A1D9C7 /* Assets.xcassets */ = {isa = PBXFileReference; lastKnownFileType = folder.assetcatalog; path = Assets.xcassets; sourceTree = "<group>"; };
		A47F0D5C22B12C2700A1D9C7 /* Preview Assets.xcassets */ = {isa = PBXFileReference; lastKnownFileType = folder.assetcatalog; path = "Preview Assets.xcassets"; sourceTree = "<group>"; };
		A47F0D5F22B12C2700A1D9C7 /* Base */ = {isa = PBXFileReference; lastKnownFileType = file.storyboard; name = Base; path = Base.lproj/LaunchScreen.storyboard; sourceTree = "<group>"; };
		A47F0D6122B12C2700A1D9C7 /* Info.plist */ = {isa = PBXFileReference; lastKnownFileType = text.plist.xml; path = Info.plist; sourceTree = "<group>"; };
		A47F0D6722B12C6400A1D9C7 /* WeatherManager.swift */ = {isa = PBXFileReference; lastKnownFileType = sourcecode.swift; path = WeatherManager.swift; sourceTree = "<group>"; };
		A47F0D6922B1340500A1D9C7 /* City.swift */ = {isa = PBXFileReference; lastKnownFileType = sourcecode.swift; path = City.swift; sourceTree = "<group>"; };
		A47F0D6B22B1374A00A1D9C7 /* DailyWeather.swift */ = {isa = PBXFileReference; lastKnownFileType = sourcecode.swift; path = DailyWeather.swift; sourceTree = "<group>"; };
		A47F0D6D22B1375400A1D9C7 /* HourlyWeather.swift */ = {isa = PBXFileReference; lastKnownFileType = sourcecode.swift; path = HourlyWeather.swift; sourceTree = "<group>"; };
		A47F0D6F22B13D2500A1D9C7 /* Weather.swift */ = {isa = PBXFileReference; lastKnownFileType = sourcecode.swift; path = Weather.swift; sourceTree = "<group>"; };
		A47F0D7122B141DB00A1D9C7 /* CityHeaderView.swift */ = {isa = PBXFileReference; lastKnownFileType = sourcecode.swift; path = CityHeaderView.swift; sourceTree = "<group>"; };
		A4C99DB722B22E6700D1802D /* CityHourlyView.swift */ = {isa = PBXFileReference; lastKnownFileType = sourcecode.swift; path = CityHourlyView.swift; sourceTree = "<group>"; };
		A4C99DBA22B238D100D1802D /* DoubleExtension.swift */ = {isa = PBXFileReference; lastKnownFileType = sourcecode.swift; path = DoubleExtension.swift; sourceTree = "<group>"; };
		A4C99DBC22B2395300D1802D /* DateExtension.swift */ = {isa = PBXFileReference; lastKnownFileType = sourcecode.swift; path = DateExtension.swift; sourceTree = "<group>"; };
		A4C99DBE22B240B400D1802D /* CityDailyView.swift */ = {isa = PBXFileReference; lastKnownFileType = sourcecode.swift; path = CityDailyView.swift; sourceTree = "<group>"; };
		A4C99DC322B2459000D1802D /* WeatherIcon.swift */ = {isa = PBXFileReference; lastKnownFileType = sourcecode.swift; path = WeatherIcon.swift; sourceTree = "<group>"; };
		A4C99DC822B24BBD00D1802D /* CityListView.swift */ = {isa = PBXFileReference; lastKnownFileType = sourcecode.swift; path = CityListView.swift; sourceTree = "<group>"; };
		A4C99DCA22B24CB200D1802D /* CityRow.swift */ = {isa = PBXFileReference; lastKnownFileType = sourcecode.swift; path = CityRow.swift; sourceTree = "<group>"; };
		A4C99DCD22B28F0B00D1802D /* NewCityView.swift */ = {isa = PBXFileReference; lastKnownFileType = sourcecode.swift; path = NewCityView.swift; sourceTree = "<group>"; };
		A4E103A122B154C400163626 /* WeatherList.swift */ = {isa = PBXFileReference; lastKnownFileType = sourcecode.swift; path = WeatherList.swift; sourceTree = "<group>"; };
/* End PBXFileReference section */

/* Begin PBXFrameworksBuildPhase section */
		A47F0D4D22B12C2500A1D9C7 /* Frameworks */ = {
			isa = PBXFrameworksBuildPhase;
			buildActionMask = 2147483647;
			files = (
			);
			runOnlyForDeploymentPostprocessing = 0;
		};
/* End PBXFrameworksBuildPhase section */

/* Begin PBXGroup section */
		5080649422B508FB00FE4756 /* Extensions */ = {
			isa = PBXGroup;
			children = (
				A4C99DBA22B238D100D1802D /* DoubleExtension.swift */,
				A4C99DBC22B2395300D1802D /* DateExtension.swift */,
			);
			path = Extensions;
			sourceTree = "<group>";
		};
		A47F0D4722B12C2500A1D9C7 = {
			isa = PBXGroup;
			children = (
				5036E7C322B7C97200297891 /* README.md */,
				A47F0D5222B12C2500A1D9C7 /* Weather */,
				A47F0D5122B12C2500A1D9C7 /* Products */,
			);
			sourceTree = "<group>";
		};
		A47F0D5122B12C2500A1D9C7 /* Products */ = {
			isa = PBXGroup;
			children = (
				A47F0D5022B12C2500A1D9C7 /* Weather.app */,
			);
			name = Products;
			sourceTree = "<group>";
		};
		A47F0D5222B12C2500A1D9C7 /* Weather */ = {
			isa = PBXGroup;
			children = (
				A47F0D5322B12C2500A1D9C7 /* AppDelegate.swift */,
				A47F0D5522B12C2500A1D9C7 /* SceneDelegate.swift */,
				5080649422B508FB00FE4756 /* Extensions */,
				A4C99DC222B2455200D1802D /* Model */,
				A4C99DB922B2313100D1802D /* Views */,
				A47F0D5922B12C2700A1D9C7 /* Assets.xcassets */,
				A47F0D5E22B12C2700A1D9C7 /* LaunchScreen.storyboard */,
				A47F0D6122B12C2700A1D9C7 /* Info.plist */,
				A47F0D5B22B12C2700A1D9C7 /* Preview Content */,
			);
			path = Weather;
			sourceTree = "<group>";
		};
		A47F0D5B22B12C2700A1D9C7 /* Preview Content */ = {
			isa = PBXGroup;
			children = (
				A47F0D5C22B12C2700A1D9C7 /* Preview Assets.xcassets */,
			);
			path = "Preview Content";
			sourceTree = "<group>";
		};
		A4C99DB922B2313100D1802D /* Views */ = {
			isa = PBXGroup;
			children = (
				A4C99DCC22B24FE700D1802D /* List */,
				A4C99DC722B24BAB00D1802D /* Weather */,
			);
			path = Views;
			sourceTree = "<group>";
		};
		A4C99DC222B2455200D1802D /* Model */ = {
			isa = PBXGroup;
			children = (
				A4C99DC622B24B9C00D1802D /* City */,
				A4C99DC522B24B9000D1802D /* Weather */,
			);
			path = Model;
			sourceTree = "<group>";
		};
		A4C99DC522B24B9000D1802D /* Weather */ = {
			isa = PBXGroup;
			children = (
				A47F0D6722B12C6400A1D9C7 /* WeatherManager.swift */,
				A47F0D6F22B13D2500A1D9C7 /* Weather.swift */,
				A4C99DC322B2459000D1802D /* WeatherIcon.swift */,
				A4E103A122B154C400163626 /* WeatherList.swift */,
				A47F0D6B22B1374A00A1D9C7 /* DailyWeather.swift */,
				A47F0D6D22B1375400A1D9C7 /* HourlyWeather.swift */,
			);
			path = Weather;
			sourceTree = "<group>";
		};
		A4C99DC622B24B9C00D1802D /* City */ = {
			isa = PBXGroup;
			children = (
				A47F0D6922B1340500A1D9C7 /* City.swift */,
				A42101F522B2A49600A06E7E /* CityFinder.swift */,
				5080649222B502B500FE4756 /* CityStore.swift */,
			);
			path = City;
			sourceTree = "<group>";
		};
		A4C99DC722B24BAB00D1802D /* Weather */ = {
			isa = PBXGroup;
			children = (
				A47F0D5722B12C2500A1D9C7 /* CityView.swift */,
				A47F0D7122B141DB00A1D9C7 /* CityHeaderView.swift */,
				A4C99DB722B22E6700D1802D /* CityHourlyView.swift */,
				A4C99DBE22B240B400D1802D /* CityDailyView.swift */,
			);
			path = Weather;
			sourceTree = "<group>";
		};
		A4C99DCC22B24FE700D1802D /* List */ = {
			isa = PBXGroup;
			children = (
				A4C99DC822B24BBD00D1802D /* CityListView.swift */,
				A4C99DCA22B24CB200D1802D /* CityRow.swift */,
				A4C99DCD22B28F0B00D1802D /* NewCityView.swift */,
			);
			path = List;
			sourceTree = "<group>";
		};
/* End PBXGroup section */

/* Begin PBXNativeTarget section */
		A47F0D4F22B12C2500A1D9C7 /* Weather */ = {
			isa = PBXNativeTarget;
			buildConfigurationList = A47F0D6422B12C2700A1D9C7 /* Build configuration list for PBXNativeTarget "Weather" */;
			buildPhases = (
				A47F0D4C22B12C2500A1D9C7 /* Sources */,
				A47F0D4D22B12C2500A1D9C7 /* Frameworks */,
				A47F0D4E22B12C2500A1D9C7 /* Resources */,
			);
			buildRules = (
			);
			dependencies = (
			);
			name = Weather;
			productName = Weather;
			productReference = A47F0D5022B12C2500A1D9C7 /* Weather.app */;
			productType = "com.apple.product-type.application";
		};
/* End PBXNativeTarget section */

/* Begin PBXProject section */
		A47F0D4822B12C2500A1D9C7 /* Project object */ = {
			isa = PBXProject;
			attributes = {
				LastSwiftUpdateCheck = 1100;
				LastUpgradeCheck = 1100;
				ORGANIZATIONNAME = Snopia;
				TargetAttributes = {
					A47F0D4F22B12C2500A1D9C7 = {
						CreatedOnToolsVersion = 11.0;
					};
				};
			};
			buildConfigurationList = A47F0D4B22B12C2500A1D9C7 /* Build configuration list for PBXProject "Weather" */;
			compatibilityVersion = "Xcode 9.3";
			developmentRegion = en;
			hasScannedForEncodings = 0;
			knownRegions = (
				en,
				Base,
			);
			mainGroup = A47F0D4722B12C2500A1D9C7;
			productRefGroup = A47F0D5122B12C2500A1D9C7 /* Products */;
			projectDirPath = "";
			projectRoot = "";
			targets = (
				A47F0D4F22B12C2500A1D9C7 /* Weather */,
			);
		};
/* End PBXProject section */

/* Begin PBXResourcesBuildPhase section */
		A47F0D4E22B12C2500A1D9C7 /* Resources */ = {
			isa = PBXResourcesBuildPhase;
			buildActionMask = 2147483647;
			files = (
				A47F0D6022B12C2700A1D9C7 /* LaunchScreen.storyboard in Resources */,
				A47F0D5D22B12C2700A1D9C7 /* Preview Assets.xcassets in Resources */,
				A47F0D5A22B12C2700A1D9C7 /* Assets.xcassets in Resources */,
			);
			runOnlyForDeploymentPostprocessing = 0;
		};
/* End PBXResourcesBuildPhase section */

/* Begin PBXSourcesBuildPhase section */
		A47F0D4C22B12C2500A1D9C7 /* Sources */ = {
			isa = PBXSourcesBuildPhase;
			buildActionMask = 2147483647;
			files = (
				A4C99DBB22B238D100D1802D /* DoubleExtension.swift in Sources */,
				A4C99DC422B2459000D1802D /* WeatherIcon.swift in Sources */,
				A47F0D7022B13D2500A1D9C7 /* Weather.swift in Sources */,
				A47F0D5422B12C2500A1D9C7 /* AppDelegate.swift in Sources */,
				A47F0D7222B141DB00A1D9C7 /* CityHeaderView.swift in Sources */,
				A47F0D6A22B1340500A1D9C7 /* City.swift in Sources */,
				A4C99DBD22B2395300D1802D /* DateExtension.swift in Sources */,
				A4C99DCE22B28F0B00D1802D /* NewCityView.swift in Sources */,
				5080649322B502B500FE4756 /* CityStore.swift in Sources */,
				A47F0D6C22B1374A00A1D9C7 /* DailyWeather.swift in Sources */,
				A47F0D5622B12C2500A1D9C7 /* SceneDelegate.swift in Sources */,
				A4C99DB822B22E6700D1802D /* CityHourlyView.swift in Sources */,
				A4C99DBF22B240B400D1802D /* CityDailyView.swift in Sources */,
				A4E103A222B154C400163626 /* WeatherList.swift in Sources */,
				A47F0D6822B12C6400A1D9C7 /* WeatherManager.swift in Sources */,
				A4C99DC922B24BBD00D1802D /* CityListView.swift in Sources */,
				A42101F622B2A49600A06E7E /* CityFinder.swift in Sources */,
				A47F0D5822B12C2500A1D9C7 /* CityView.swift in Sources */,
				A4C99DCB22B24CB200D1802D /* CityRow.swift in Sources */,
				A47F0D6E22B1375400A1D9C7 /* HourlyWeather.swift in Sources */,
			);
			runOnlyForDeploymentPostprocessing = 0;
		};
/* End PBXSourcesBuildPhase section */

/* Begin PBXVariantGroup section */
		A47F0D5E22B12C2700A1D9C7 /* LaunchScreen.storyboard */ = {
			isa = PBXVariantGroup;
			children = (
				A47F0D5F22B12C2700A1D9C7 /* Base */,
			);
			name = LaunchScreen.storyboard;
			sourceTree = "<group>";
		};
/* End PBXVariantGroup section */

/* Begin XCBuildConfiguration section */
		A47F0D6222B12C2700A1D9C7 /* Debug */ = {
			isa = XCBuildConfiguration;
			buildSettings = {
				ALWAYS_SEARCH_USER_PATHS = NO;
				CLANG_ANALYZER_NONNULL = YES;
				CLANG_ANALYZER_NUMBER_OBJECT_CONVERSION = YES_AGGRESSIVE;
				CLANG_CXX_LANGUAGE_STANDARD = "gnu++14";
				CLANG_CXX_LIBRARY = "libc++";
				CLANG_ENABLE_MODULES = YES;
				CLANG_ENABLE_OBJC_ARC = YES;
				CLANG_ENABLE_OBJC_WEAK = YES;
				CLANG_WARN_BLOCK_CAPTURE_AUTORELEASING = YES;
				CLANG_WARN_BOOL_CONVERSION = YES;
				CLANG_WARN_COMMA = YES;
				CLANG_WARN_CONSTANT_CONVERSION = YES;
				CLANG_WARN_DEPRECATED_OBJC_IMPLEMENTATIONS = YES;
				CLANG_WARN_DIRECT_OBJC_ISA_USAGE = YES_ERROR;
				CLANG_WARN_DOCUMENTATION_COMMENTS = YES;
				CLANG_WARN_EMPTY_BODY = YES;
				CLANG_WARN_ENUM_CONVERSION = YES;
				CLANG_WARN_INFINITE_RECURSION = YES;
				CLANG_WARN_INT_CONVERSION = YES;
				CLANG_WARN_NON_LITERAL_NULL_CONVERSION = YES;
				CLANG_WARN_OBJC_IMPLICIT_RETAIN_SELF = YES;
				CLANG_WARN_OBJC_LITERAL_CONVERSION = YES;
				CLANG_WARN_OBJC_ROOT_CLASS = YES_ERROR;
				CLANG_WARN_RANGE_LOOP_ANALYSIS = YES;
				CLANG_WARN_STRICT_PROTOTYPES = YES;
				CLANG_WARN_SUSPICIOUS_MOVE = YES;
				CLANG_WARN_UNGUARDED_AVAILABILITY = YES_AGGRESSIVE;
				CLANG_WARN_UNREACHABLE_CODE = YES;
				CLANG_WARN__DUPLICATE_METHOD_MATCH = YES;
				COPY_PHASE_STRIP = NO;
				DEBUG_INFORMATION_FORMAT = dwarf;
				ENABLE_STRICT_OBJC_MSGSEND = YES;
				ENABLE_TESTABILITY = YES;
				GCC_C_LANGUAGE_STANDARD = gnu11;
				GCC_DYNAMIC_NO_PIC = NO;
				GCC_NO_COMMON_BLOCKS = YES;
				GCC_OPTIMIZATION_LEVEL = 0;
				GCC_PREPROCESSOR_DEFINITIONS = (
					"DEBUG=1",
					"$(inherited)",
				);
				GCC_WARN_64_TO_32_BIT_CONVERSION = YES;
				GCC_WARN_ABOUT_RETURN_TYPE = YES_ERROR;
				GCC_WARN_UNDECLARED_SELECTOR = YES;
				GCC_WARN_UNINITIALIZED_AUTOS = YES_AGGRESSIVE;
				GCC_WARN_UNUSED_FUNCTION = YES;
				GCC_WARN_UNUSED_VARIABLE = YES;
				IPHONEOS_DEPLOYMENT_TARGET = 13.0;
				MTL_ENABLE_DEBUG_INFO = INCLUDE_SOURCE;
				MTL_FAST_MATH = YES;
				ONLY_ACTIVE_ARCH = YES;
				SDKROOT = iphoneos;
				SWIFT_ACTIVE_COMPILATION_CONDITIONS = DEBUG;
				SWIFT_OPTIMIZATION_LEVEL = "-Onone";
			};
			name = Debug;
		};
		A47F0D6322B12C2700A1D9C7 /* Release */ = {
			isa = XCBuildConfiguration;
			buildSettings = {
				ALWAYS_SEARCH_USER_PATHS = NO;
				CLANG_ANALYZER_NONNULL = YES;
				CLANG_ANALYZER_NUMBER_OBJECT_CONVERSION = YES_AGGRESSIVE;
				CLANG_CXX_LANGUAGE_STANDARD = "gnu++14";
				CLANG_CXX_LIBRARY = "libc++";
				CLANG_ENABLE_MODULES = YES;
				CLANG_ENABLE_OBJC_ARC = YES;
				CLANG_ENABLE_OBJC_WEAK = YES;
				CLANG_WARN_BLOCK_CAPTURE_AUTORELEASING = YES;
				CLANG_WARN_BOOL_CONVERSION = YES;
				CLANG_WARN_COMMA = YES;
				CLANG_WARN_CONSTANT_CONVERSION = YES;
				CLANG_WARN_DEPRECATED_OBJC_IMPLEMENTATIONS = YES;
				CLANG_WARN_DIRECT_OBJC_ISA_USAGE = YES_ERROR;
				CLANG_WARN_DOCUMENTATION_COMMENTS = YES;
				CLANG_WARN_EMPTY_BODY = YES;
				CLANG_WARN_ENUM_CONVERSION = YES;
				CLANG_WARN_INFINITE_RECURSION = YES;
				CLANG_WARN_INT_CONVERSION = YES;
				CLANG_WARN_NON_LITERAL_NULL_CONVERSION = YES;
				CLANG_WARN_OBJC_IMPLICIT_RETAIN_SELF = YES;
				CLANG_WARN_OBJC_LITERAL_CONVERSION = YES;
				CLANG_WARN_OBJC_ROOT_CLASS = YES_ERROR;
				CLANG_WARN_RANGE_LOOP_ANALYSIS = YES;
				CLANG_WARN_STRICT_PROTOTYPES = YES;
				CLANG_WARN_SUSPICIOUS_MOVE = YES;
				CLANG_WARN_UNGUARDED_AVAILABILITY = YES_AGGRESSIVE;
				CLANG_WARN_UNREACHABLE_CODE = YES;
				CLANG_WARN__DUPLICATE_METHOD_MATCH = YES;
				COPY_PHASE_STRIP = NO;
				DEBUG_INFORMATION_FORMAT = "dwarf-with-dsym";
				ENABLE_NS_ASSERTIONS = NO;
				ENABLE_STRICT_OBJC_MSGSEND = YES;
				GCC_C_LANGUAGE_STANDARD = gnu11;
				GCC_NO_COMMON_BLOCKS = YES;
				GCC_WARN_64_TO_32_BIT_CONVERSION = YES;
				GCC_WARN_ABOUT_RETURN_TYPE = YES_ERROR;
				GCC_WARN_UNDECLARED_SELECTOR = YES;
				GCC_WARN_UNINITIALIZED_AUTOS = YES_AGGRESSIVE;
				GCC_WARN_UNUSED_FUNCTION = YES;
				GCC_WARN_UNUSED_VARIABLE = YES;
				IPHONEOS_DEPLOYMENT_TARGET = 13.0;
				MTL_ENABLE_DEBUG_INFO = NO;
				MTL_FAST_MATH = YES;
				SDKROOT = iphoneos;
				SWIFT_COMPILATION_MODE = wholemodule;
				SWIFT_OPTIMIZATION_LEVEL = "-O";
				VALIDATE_PRODUCT = YES;
			};
			name = Release;
		};
		A47F0D6522B12C2700A1D9C7 /* Debug */ = {
			isa = XCBuildConfiguration;
			buildSettings = {
				ASSETCATALOG_COMPILER_APPICON_NAME = AppIcon;
				CODE_SIGN_STYLE = Automatic;
				DEVELOPMENT_ASSET_PATHS = "Weather/Preview\\ Content";
				DEVELOPMENT_TEAM = JS72F5JZTX;
				ENABLE_PREVIEWS = YES;
				INFOPLIST_FILE = Weather/Info.plist;
				LD_RUNPATH_SEARCH_PATHS = (
					"$(inherited)",
					"@executable_path/Frameworks",
				);
				PRODUCT_BUNDLE_IDENTIFIER = net.snopia.Weather;
				PRODUCT_NAME = "$(TARGET_NAME)";
				SWIFT_VERSION = 5.0;
				TARGETED_DEVICE_FAMILY = "1,2";
			};
			name = Debug;
		};
		A47F0D6622B12C2700A1D9C7 /* Release */ = {
			isa = XCBuildConfiguration;
			buildSettings = {
				ASSETCATALOG_COMPILER_APPICON_NAME = AppIcon;
				CODE_SIGN_STYLE = Automatic;
				DEVELOPMENT_ASSET_PATHS = "Weather/Preview\\ Content";
				DEVELOPMENT_TEAM = JS72F5JZTX;
				ENABLE_PREVIEWS = YES;
				INFOPLIST_FILE = Weather/Info.plist;
				LD_RUNPATH_SEARCH_PATHS = (
					"$(inherited)",
					"@executable_path/Frameworks",
				);
				PRODUCT_BUNDLE_IDENTIFIER = net.snopia.Weather;
				PRODUCT_NAME = "$(TARGET_NAME)";
				SWIFT_VERSION = 5.0;
				TARGETED_DEVICE_FAMILY = "1,2";
			};
			name = Release;
		};
/* End XCBuildConfiguration section */

/* Begin XCConfigurationList section */
		A47F0D4B22B12C2500A1D9C7 /* Build configuration list for PBXProject "Weather" */ = {
			isa = XCConfigurationList;
			buildConfigurations = (
				A47F0D6222B12C2700A1D9C7 /* Debug */,
				A47F0D6322B12C2700A1D9C7 /* Release */,
			);
			defaultConfigurationIsVisible = 0;
			defaultConfigurationName = Release;
		};
		A47F0D6422B12C2700A1D9C7 /* Build configuration list for PBXNativeTarget "Weather" */ = {
			isa = XCConfigurationList;
			buildConfigurations = (
				A47F0D6522B12C2700A1D9C7 /* Debug */,
				A47F0D6622B12C2700A1D9C7 /* Release */,
			);
			defaultConfigurationIsVisible = 0;
			defaultConfigurationName = Release;
		};
/* End XCConfigurationList section */
	};
	rootObject = A47F0D4822B12C2500A1D9C7 /* Project object */;
}
